
Microsoft Visual Studio Solution File, Format Version 12.00
# Visual Studio Version 16
VisualStudioVersion = 16.0.33529.622
MinimumVisualStudioVersion = 10.0.40219.1
Project("{FAE04EC0-301F-11D3-BF4B-00C04F79EFBC}") = "Mapharmacyy", "Mapharmacyy\Mapharmacyy.csproj", "{5D70F03F-DFB4-4163-BB8D-7B68AA10CDC8}"
EndProject
Global
	GlobalSection(SolutionConfigurationPlatforms) = preSolution
		Debug|Any CPU = Debug|Any CPU
		Release|Any CPU = Release|Any CPU
	EndGlobalSection
	GlobalSection(ProjectConfigurationPlatforms) = postSolution
		{5D70F03F-DFB4-4163-BB8D-7B68AA10CDC8}.Debug|Any CPU.ActiveCfg = Debug|Any CPU
		{5D70F03F-DFB4-4163-BB8D-7B68AA10CDC8}.Debug|Any CPU.Build.0 = Debug|Any CPU
		{5D70F03F-DFB4-4163-BB8D-7B68AA10CDC8}.Release|Any CPU.ActiveCfg = Release|Any CPU
		{5D70F03F-DFB4-4163-BB8D-7B68AA10CDC8}.Release|Any CPU.Build.0 = Release|Any CPU
	EndGlobalSection
	GlobalSection(SolutionProperties) = preSolution
		HideSolutionNode = FALSE
	EndGlobalSection
	GlobalSection(ExtensibilityGlobals) = postSolution
		SolutionGuid = {245447A9-2B54-4B35-B4D9-295FDC2567FD}
	EndGlobalSection
EndGlobal
